
Microsoft Visual Studio Solution File, Format Version 12.00
# Visual Studio Version 17
VisualStudioVersion = 17.10.35013.160
MinimumVisualStudioVersion = 10.0.40219.1
Project("{FAE04EC0-301F-11D3-BF4B-00C04F79EFBC}") = "PractiseApplication1", "PractiseApplication1\PractiseApplication1.csproj", "{52B773BF-E9BE-4572-AC76-483FF3AA9A42}"
EndProject
Global
	GlobalSection(SolutionConfigurationPlatforms) = preSolution
		Debug|Any CPU = Debug|Any CPU
		Release|Any CPU = Release|Any CPU
	EndGlobalSection
	GlobalSection(ProjectConfigurationPlatforms) = postSolution
		{52B773BF-E9BE-4572-AC76-483FF3AA9A42}.Debug|Any CPU.ActiveCfg = Debug|Any CPU
		{52B773BF-E9BE-4572-AC76-483FF3AA9A42}.Debug|Any CPU.Build.0 = Debug|Any CPU
		{52B773BF-E9BE-4572-AC76-483FF3AA9A42}.Release|Any CPU.ActiveCfg = Release|Any CPU
		{52B773BF-E9BE-4572-AC76-483FF3AA9A42}.Release|Any CPU.Build.0 = Release|Any CPU
	EndGlobalSection
	GlobalSection(SolutionProperties) = preSolution
		HideSolutionNode = FALSE
	EndGlobalSection
	GlobalSection(ExtensibilityGlobals) = postSolution
		SolutionGuid = {CF2F895F-7B93-4CA4-BB86-DE08CFD55C4C}
	EndGlobalSection
EndGlobal
